
Microsoft Visual Studio Solution File, Format Version 12.00
# Visual Studio 2013
VisualStudioVersion = 12.0.31101.0
MinimumVisualStudioVersion = 10.0.40219.1
Project("{FAE04EC0-301F-11D3-BF4B-00C04F79EFBC}") = "Bonree.Agent.Tests", "Bonree.Agent.Tests\Bonree.Agent.Tests.csproj", "{1E7866EF-A130-4B87-9F2F-DC4006814C62}"
EndProject
Project("{FAE04EC0-301F-11D3-BF4B-00C04F79EFBC}") = "RemoteObject", "RemoteObject\RemoteObject.csproj", "{1175C25B-2FE3-4062-8980-0D55534E3937}"
EndProject
Project("{FAE04EC0-301F-11D3-BF4B-00C04F79EFBC}") = "RemotingServer", "RemotingServer\RemotingServer.csproj", "{6EE54302-440A-475E-A800-3C6F93DA85FC}"
EndProject
Global
	GlobalSection(SolutionConfigurationPlatforms) = preSolution
		Debug|Any CPU = Debug|Any CPU
		Release|Any CPU = Release|Any CPU
	EndGlobalSection
	GlobalSection(ProjectConfigurationPlatforms) = postSolution
		{1E7866EF-A130-4B87-9F2F-DC4006814C62}.Debug|Any CPU.ActiveCfg = Debug|Any CPU
		{1E7866EF-A130-4B87-9F2F-DC4006814C62}.Debug|Any CPU.Build.0 = Debug|Any CPU
		{1E7866EF-A130-4B87-9F2F-DC4006814C62}.Release|Any CPU.ActiveCfg = Release|Any CPU
		{1E7866EF-A130-4B87-9F2F-DC4006814C62}.Release|Any CPU.Build.0 = Release|Any CPU
		{1175C25B-2FE3-4062-8980-0D55534E3937}.Debug|Any CPU.ActiveCfg = Debug|Any CPU
		{1175C25B-2FE3-4062-8980-0D55534E3937}.Debug|Any CPU.Build.0 = Debug|Any CPU
		{1175C25B-2FE3-4062-8980-0D55534E3937}.Release|Any CPU.ActiveCfg = Release|Any CPU
		{1175C25B-2FE3-4062-8980-0D55534E3937}.Release|Any CPU.Build.0 = Release|Any CPU
		{6EE54302-440A-475E-A800-3C6F93DA85FC}.Debug|Any CPU.ActiveCfg = Debug|Any CPU
		{6EE54302-440A-475E-A800-3C6F93DA85FC}.Debug|Any CPU.Build.0 = Debug|Any CPU
		{6EE54302-440A-475E-A800-3C6F93DA85FC}.Release|Any CPU.ActiveCfg = Release|Any CPU
		{6EE54302-440A-475E-A800-3C6F93DA85FC}.Release|Any CPU.Build.0 = Release|Any CPU
	EndGlobalSection
	GlobalSection(SolutionProperties) = preSolution
		HideSolutionNode = FALSE
	EndGlobalSection
EndGlobal
